// !$*UTF8*$!
{
	archiveVersion = 1;
	classes = {
	};
	objectVersion = 56;
	objects = {

/* Begin PBXBuildFile section */
		DEB4A34F2B93379800945AC1 /* AppDelegate.swift in Sources */ = {isa = PBXBuildFile; fileRef = DEB4A34E2B93379800945AC1 /* AppDelegate.swift */; };
		DEB4A3512B93379800945AC1 /* SceneDelegate.swift in Sources */ = {isa = PBXBuildFile; fileRef = DEB4A3502B93379800945AC1 /* SceneDelegate.swift */; };
		DEB4A3532B93379800945AC1 /* ViewController.swift in Sources */ = {isa = PBXBuildFile; fileRef = DEB4A3522B93379800945AC1 /* ViewController.swift */; };
		DEB4A3562B93379800945AC1 /* Main.storyboard in Resources */ = {isa = PBXBuildFile; fileRef = DEB4A3542B93379800945AC1 /* Main.storyboard */; };
		DEB4A3592B93379800945AC1 /* ArtBookAppSwift2.xcdatamodeld in Sources */ = {isa = PBXBuildFile; fileRef = DEB4A3572B93379800945AC1 /* ArtBookAppSwift2.xcdatamodeld */; };
		DEB4A35B2B93379900945AC1 /* Assets.xcassets in Resources */ = {isa = PBXBuildFile; fileRef = DEB4A35A2B93379900945AC1 /* Assets.xcassets */; };
		DEB4A35E2B93379900945AC1 /* LaunchScreen.storyboard in Resources */ = {isa = PBXBuildFile; fileRef = DEB4A35C2B93379900945AC1 /* LaunchScreen.storyboard */; };
		DEB4A3692B93379900945AC1 /* ArtBookAppSwift2Tests.swift in Sources */ = {isa = PBXBuildFile; fileRef = DEB4A3682B93379900945AC1 /* ArtBookAppSwift2Tests.swift */; };
		DEB4A3732B93379900945AC1 /* ArtBookAppSwift2UITests.swift in Sources */ = {isa = PBXBuildFile; fileRef = DEB4A3722B93379900945AC1 /* ArtBookAppSwift2UITests.swift */; };
		DEB4A3752B93379900945AC1 /* ArtBookAppSwift2UITestsLaunchTests.swift in Sources */ = {isa = PBXBuildFile; fileRef = DEB4A3742B93379900945AC1 /* ArtBookAppSwift2UITestsLaunchTests.swift */; };
/* End PBXBuildFile section */

/* Begin PBXContainerItemProxy section */
		DEB4A3652B93379900945AC1 /* PBXContainerItemProxy */ = {
			isa = PBXContainerItemProxy;
			containerPortal = DEB4A3432B93379800945AC1 /* Project object */;
			proxyType = 1;
			remoteGlobalIDString = DEB4A34A2B93379800945AC1;
			remoteInfo = ArtBookAppSwift2;
		};
		DEB4A36F2B93379900945AC1 /* PBXContainerItemProxy */ = {
			isa = PBXContainerItemProxy;
			containerPortal = DEB4A3432B93379800945AC1 /* Project object */;
			proxyType = 1;
			remoteGlobalIDString = DEB4A34A2B93379800945AC1;
			remoteInfo = ArtBookAppSwift2;
		};
/* End PBXContainerItemProxy section */

/* Begin PBXFileReference section */
		DEB4A34B2B93379800945AC1 /* ArtBookAppSwift2.app */ = {isa = PBXFileReference; explicitFileType = wrapper.application; includeInIndex = 0; path = ArtBookAppSwift2.app; sourceTree = BUILT_PRODUCTS_DIR; };
		DEB4A34E2B93379800945AC1 /* AppDelegate.swift */ = {isa = PBXFileReference; lastKnownFileType = sourcecode.swift; path = AppDelegate.swift; sourceTree = "<group>"; };
		DEB4A3502B93379800945AC1 /* SceneDelegate.swift */ = {isa = PBXFileReference; lastKnownFileType = sourcecode.swift; path = SceneDelegate.swift; sourceTree = "<group>"; };
		DEB4A3522B93379800945AC1 /* ViewController.swift */ = {isa = PBXFileReference; lastKnownFileType = sourcecode.swift; path = ViewController.swift; sourceTree = "<group>"; };
		DEB4A3552B93379800945AC1 /* Base */ = {isa = PBXFileReference; lastKnownFileType = file.storyboard; name = Base; path = Base.lproj/Main.storyboard; sourceTree = "<group>"; };
		DEB4A3582B93379800945AC1 /* ArtBookAppSwift2.xcdatamodel */ = {isa = PBXFileReference; lastKnownFileType = wrapper.xcdatamodel; path = ArtBookAppSwift2.xcdatamodel; sourceTree = "<group>"; };
		DEB4A35A2B93379900945AC1 /* Assets.xcassets */ = {isa = PBXFileReference; lastKnownFileType = folder.assetcatalog; path = Assets.xcassets; sourceTree = "<group>"; };
		DEB4A35D2B93379900945AC1 /* Base */ = {isa = PBXFileReference; lastKnownFileType = file.storyboard; name = Base; path = Base.lproj/LaunchScreen.storyboard; sourceTree = "<group>"; };
		DEB4A35F2B93379900945AC1 /* Info.plist */ = {isa = PBXFileReference; lastKnownFileType = text.plist.xml; path = Info.plist; sourceTree = "<group>"; };
		DEB4A3642B93379900945AC1 /* ArtBookAppSwift2Tests.xctest */ = {isa = PBXFileReference; explicitFileType = wrapper.cfbundle; includeInIndex = 0; path = ArtBookAppSwift2Tests.xctest; sourceTree = BUILT_PRODUCTS_DIR; };
		DEB4A3682B93379900945AC1 /* ArtBookAppSwift2Tests.swift */ = {isa = PBXFileReference; lastKnownFileType = sourcecode.swift; path = ArtBookAppSwift2Tests.swift; sourceTree = "<group>"; };
		DEB4A36E2B93379900945AC1 /* ArtBookAppSwift2UITests.xctest */ = {isa = PBXFileReference; explicitFileType = wrapper.cfbundle; includeInIndex = 0; path = ArtBookAppSwift2UITests.xctest; sourceTree = BUILT_PRODUCTS_DIR; };
		DEB4A3722B93379900945AC1 /* ArtBookAppSwift2UITests.swift */ = {isa = PBXFileReference; lastKnownFileType = sourcecode.swift; path = ArtBookAppSwift2UITests.swift; sourceTree = "<group>"; };
		DEB4A3742B93379900945AC1 /* ArtBookAppSwift2UITestsLaunchTests.swift */ = {isa = PBXFileReference; lastKnownFileType = sourcecode.swift; path = ArtBookAppSwift2UITestsLaunchTests.swift; sourceTree = "<group>"; };
/* End PBXFileReference section */

/* Begin PBXFrameworksBuildPhase section */
		DEB4A3482B93379800945AC1 /* Frameworks */ = {
			isa = PBXFrameworksBuildPhase;
			buildActionMask = 2147483647;
			files = (
			);
			runOnlyForDeploymentPostprocessing = 0;
		};
		DEB4A3612B93379900945AC1 /* Frameworks */ = {
			isa = PBXFrameworksBuildPhase;
			buildActionMask = 2147483647;
			files = (
			);
			runOnlyForDeploymentPostprocessing = 0;
		};
		DEB4A36B2B93379900945AC1 /* Frameworks */ = {
			isa = PBXFrameworksBuildPhase;
			buildActionMask = 2147483647;
			files = (
			);
			runOnlyForDeploymentPostprocessing = 0;
		};
/* End PBXFrameworksBuildPhase section */

/* Begin PBXGroup section */
		DEB4A3422B93379800945AC1 = {
			isa = PBXGroup;
			children = (
				DEB4A34D2B93379800945AC1 /* ArtBookAppSwift2 */,
				DEB4A3672B93379900945AC1 /* ArtBookAppSwift2Tests */,
				DEB4A3712B93379900945AC1 /* ArtBookAppSwift2UITests */,
				DEB4A34C2B93379800945AC1 /* Products */,
			);
			sourceTree = "<group>";
		};
		DEB4A34C2B93379800945AC1 /* Products */ = {
			isa = PBXGroup;
			children = (
				DEB4A34B2B93379800945AC1 /* ArtBookAppSwift2.app */,
				DEB4A3642B93379900945AC1 /* ArtBookAppSwift2Tests.xctest */,
				DEB4A36E2B93379900945AC1 /* ArtBookAppSwift2UITests.xctest */,
			);
			name = Products;
			sourceTree = "<group>";
		};
		DEB4A34D2B93379800945AC1 /* ArtBookAppSwift2 */ = {
			isa = PBXGroup;
			children = (
				DEB4A34E2B93379800945AC1 /* AppDelegate.swift */,
				DEB4A3502B93379800945AC1 /* SceneDelegate.swift */,
				DEB4A3522B93379800945AC1 /* ViewController.swift */,
				DEB4A3542B93379800945AC1 /* Main.storyboard */,
				DEB4A35A2B93379900945AC1 /* Assets.xcassets */,
				DEB4A35C2B93379900945AC1 /* LaunchScreen.storyboard */,
				DEB4A35F2B93379900945AC1 /* Info.plist */,
				DEB4A3572B93379800945AC1 /* ArtBookAppSwift2.xcdatamodeld */,
			);
			path = ArtBookAppSwift2;
			sourceTree = "<group>";
		};
		DEB4A3672B93379900945AC1 /* ArtBookAppSwift2Tests */ = {
			isa = PBXGroup;
			children = (
				DEB4A3682B93379900945AC1 /* ArtBookAppSwift2Tests.swift */,
			);
			path = ArtBookAppSwift2Tests;
			sourceTree = "<group>";
		};
		DEB4A3712B93379900945AC1 /* ArtBookAppSwift2UITests */ = {
			isa = PBXGroup;
			children = (
				DEB4A3722B93379900945AC1 /* ArtBookAppSwift2UITests.swift */,
				DEB4A3742B93379900945AC1 /* ArtBookAppSwift2UITestsLaunchTests.swift */,
			);
			path = ArtBookAppSwift2UITests;
			sourceTree = "<group>";
		};
/* End PBXGroup section */

/* Begin PBXNativeTarget section */
		DEB4A34A2B93379800945AC1 /* ArtBookAppSwift2 */ = {
			isa = PBXNativeTarget;
			buildConfigurationList = DEB4A3782B93379900945AC1 /* Build configuration list for PBXNativeTarget "ArtBookAppSwift2" */;
			buildPhases = (
				DEB4A3472B93379800945AC1 /* Sources */,
				DEB4A3482B93379800945AC1 /* Frameworks */,
				DEB4A3492B93379800945AC1 /* Resources */,
			);
			buildRules = (
			);
			dependencies = (
			);
			name = ArtBookAppSwift2;
			productName = ArtBookAppSwift2;
			productReference = DEB4A34B2B93379800945AC1 /* ArtBookAppSwift2.app */;
			productType = "com.apple.product-type.application";
		};
		DEB4A3632B93379900945AC1 /* ArtBookAppSwift2Tests */ = {
			isa = PBXNativeTarget;
			buildConfigurationList = DEB4A37B2B93379900945AC1 /* Build configuration list for PBXNativeTarget "ArtBookAppSwift2Tests" */;
			buildPhases = (
				DEB4A3602B93379900945AC1 /* Sources */,
				DEB4A3612B93379900945AC1 /* Frameworks */,
				DEB4A3622B93379900945AC1 /* Resources */,
			);
			buildRules = (
			);
			dependencies = (
				DEB4A3662B93379900945AC1 /* PBXTargetDependency */,
			);
			name = ArtBookAppSwift2Tests;
			productName = ArtBookAppSwift2Tests;
			productReference = DEB4A3642B93379900945AC1 /* ArtBookAppSwift2Tests.xctest */;
			productType = "com.apple.product-type.bundle.unit-test";
		};
		DEB4A36D2B93379900945AC1 /* ArtBookAppSwift2UITests */ = {
			isa = PBXNativeTarget;
			buildConfigurationList = DEB4A37E2B93379900945AC1 /* Build configuration list for PBXNativeTarget "ArtBookAppSwift2UITests" */;
			buildPhases = (
				DEB4A36A2B93379900945AC1 /* Sources */,
				DEB4A36B2B93379900945AC1 /* Frameworks */,
				DEB4A36C2B93379900945AC1 /* Resources */,
			);
			buildRules = (
			);
			dependencies = (
				DEB4A3702B93379900945AC1 /* PBXTargetDependency */,
			);
			name = ArtBookAppSwift2UITests;
			productName = ArtBookAppSwift2UITests;
			productReference = DEB4A36E2B93379900945AC1 /* ArtBookAppSwift2UITests.xctest */;
			productType = "com.apple.product-type.bundle.ui-testing";
		};
/* End PBXNativeTarget section */

/* Begin PBXProject section */
		DEB4A3432B93379800945AC1 /* Project object */ = {
			isa = PBXProject;
			attributes = {
				BuildIndependentTargetsInParallel = 1;
				LastSwiftUpdateCheck = 1520;
				LastUpgradeCheck = 1520;
				TargetAttributes = {
					DEB4A34A2B93379800945AC1 = {
						CreatedOnToolsVersion = 15.2;
					};
					DEB4A3632B93379900945AC1 = {
						CreatedOnToolsVersion = 15.2;
						TestTargetID = DEB4A34A2B93379800945AC1;
					};
					DEB4A36D2B93379900945AC1 = {
						CreatedOnToolsVersion = 15.2;
						TestTargetID = DEB4A34A2B93379800945AC1;
					};
				};
			};
			buildConfigurationList = DEB4A3462B93379800945AC1 /* Build configuration list for PBXProject "ArtBookAppSwift2" */;
			compatibilityVersion = "Xcode 14.0";
			developmentRegion = en;
			hasScannedForEncodings = 0;
			knownRegions = (
				en,
				Base,
			);
			mainGroup = DEB4A3422B93379800945AC1;
			productRefGroup = DEB4A34C2B93379800945AC1 /* Products */;
			projectDirPath = "";
			projectRoot = "";
			targets = (
				DEB4A34A2B93379800945AC1 /* ArtBookAppSwift2 */,
				DEB4A3632B93379900945AC1 /* ArtBookAppSwift2Tests */,
				DEB4A36D2B93379900945AC1 /* ArtBookAppSwift2UITests */,
			);
		};
/* End PBXProject section */

/* Begin PBXResourcesBuildPhase section */
		DEB4A3492B93379800945AC1 /* Resources */ = {
			isa = PBXResourcesBuildPhase;
			buildActionMask = 2147483647;
			files = (
				DEB4A35E2B93379900945AC1 /* LaunchScreen.storyboard in Resources */,
				DEB4A35B2B93379900945AC1 /* Assets.xcassets in Resources */,
				DEB4A3562B93379800945AC1 /* Main.storyboard in Resources */,
			);
			runOnlyForDeploymentPostprocessing = 0;
		};
		DEB4A3622B93379900945AC1 /* Resources */ = {
			isa = PBXResourcesBuildPhase;
			buildActionMask = 2147483647;
			files = (
			);
			runOnlyForDeploymentPostprocessing = 0;
		};
		DEB4A36C2B93379900945AC1 /* Resources */ = {
			isa = PBXResourcesBuildPhase;
			buildActionMask = 2147483647;
			files = (
			);
			runOnlyForDeploymentPostprocessing = 0;
		};
/* End PBXResourcesBuildPhase section */

/* Begin PBXSourcesBuildPhase section */
		DEB4A3472B93379800945AC1 /* Sources */ = {
			isa = PBXSourcesBuildPhase;
			buildActionMask = 2147483647;
			files = (
				DEB4A3532B93379800945AC1 /* ViewController.swift in Sources */,
				DEB4A34F2B93379800945AC1 /* AppDelegate.swift in Sources */,
				DEB4A3512B93379800945AC1 /* SceneDelegate.swift in Sources */,
				DEB4A3592B93379800945AC1 /* ArtBookAppSwift2.xcdatamodeld in Sources */,
			);
			runOnlyForDeploymentPostprocessing = 0;
		};
		DEB4A3602B93379900945AC1 /* Sources */ = {
			isa = PBXSourcesBuildPhase;
			buildActionMask = 2147483647;
			files = (
				DEB4A3692B93379900945AC1 /* ArtBookAppSwift2Tests.swift in Sources */,
			);
			runOnlyForDeploymentPostprocessing = 0;
		};
		DEB4A36A2B93379900945AC1 /* Sources */ = {
			isa = PBXSourcesBuildPhase;
			buildActionMask = 2147483647;
			files = (
				DEB4A3752B93379900945AC1 /* ArtBookAppSwift2UITestsLaunchTests.swift in Sources */,
				DEB4A3732B93379900945AC1 /* ArtBookAppSwift2UITests.swift in Sources */,
			);
			runOnlyForDeploymentPostprocessing = 0;
		};
/* End PBXSourcesBuildPhase section */

/* Begin PBXTargetDependency section */
		DEB4A3662B93379900945AC1 /* PBXTargetDependency */ = {
			isa = PBXTargetDependency;
			target = DEB4A34A2B93379800945AC1 /* ArtBookAppSwift2 */;
			targetProxy = DEB4A3652B93379900945AC1 /* PBXContainerItemProxy */;
		};
		DEB4A3702B93379900945AC1 /* PBXTargetDependency */ = {
			isa = PBXTargetDependency;
			target = DEB4A34A2B93379800945AC1 /* ArtBookAppSwift2 */;
			targetProxy = DEB4A36F2B93379900945AC1 /* PBXContainerItemProxy */;
		};
/* End PBXTargetDependency section */

/* Begin PBXVariantGroup section */
		DEB4A3542B93379800945AC1 /* Main.storyboard */ = {
			isa = PBXVariantGroup;
			children = (
				DEB4A3552B93379800945AC1 /* Base */,
			);
			name = Main.storyboard;
			sourceTree = "<group>";
		};
		DEB4A35C2B93379900945AC1 /* LaunchScreen.storyboard */ = {
			isa = PBXVariantGroup;
			children = (
				DEB4A35D2B93379900945AC1 /* Base */,
			);
			name = LaunchScreen.storyboard;
			sourceTree = "<group>";
		};
/* End PBXVariantGroup section */

/* Begin XCBuildConfiguration section */
		DEB4A3762B93379900945AC1 /* Debug */ = {
			isa = XCBuildConfiguration;
			buildSettings = {
				ALWAYS_SEARCH_USER_PATHS = NO;
				ASSETCATALOG_COMPILER_GENERATE_SWIFT_ASSET_SYMBOL_EXTENSIONS = YES;
				CLANG_ANALYZER_NONNULL = YES;
				CLANG_ANALYZER_NUMBER_OBJECT_CONVERSION = YES_AGGRESSIVE;
				CLANG_CXX_LANGUAGE_STANDARD = "gnu++20";
				CLANG_ENABLE_MODULES = YES;
				CLANG_ENABLE_OBJC_ARC = YES;
				CLANG_ENABLE_OBJC_WEAK = YES;
				CLANG_WARN_BLOCK_CAPTURE_AUTORELEASING = YES;
				CLANG_WARN_BOOL_CONVERSION = YES;
				CLANG_WARN_COMMA = YES;
				CLANG_WARN_CONSTANT_CONVERSION = YES;
				CLANG_WARN_DEPRECATED_OBJC_IMPLEMENTATIONS = YES;
				CLANG_WARN_DIRECT_OBJC_ISA_USAGE = YES_ERROR;
				CLANG_WARN_DOCUMENTATION_COMMENTS = YES;
				CLANG_WARN_EMPTY_BODY = YES;
				CLANG_WARN_ENUM_CONVERSION = YES;
				CLANG_WARN_INFINITE_RECURSION = YES;
				CLANG_WARN_INT_CONVERSION = YES;
				CLANG_WARN_NON_LITERAL_NULL_CONVERSION = YES;
				CLANG_WARN_OBJC_IMPLICIT_RETAIN_SELF = YES;
				CLANG_WARN_OBJC_LITERAL_CONVERSION = YES;
				CLANG_WARN_OBJC_ROOT_CLASS = YES_ERROR;
				CLANG_WARN_QUOTED_INCLUDE_IN_FRAMEWORK_HEADER = YES;
				CLANG_WARN_RANGE_LOOP_ANALYSIS = YES;
				CLANG_WARN_STRICT_PROTOTYPES = YES;
				CLANG_WARN_SUSPICIOUS_MOVE = YES;
				CLANG_WARN_UNGUARDED_AVAILABILITY = YES_AGGRESSIVE;
				CLANG_WARN_UNREACHABLE_CODE = YES;
				CLANG_WARN__DUPLICATE_METHOD_MATCH = YES;
				COPY_PHASE_STRIP = NO;
				DEBUG_INFORMATION_FORMAT = dwarf;
				ENABLE_STRICT_OBJC_MSGSEND = YES;
				ENABLE_TESTABILITY = YES;
				ENABLE_USER_SCRIPT_SANDBOXING = YES;
				GCC_C_LANGUAGE_STANDARD = gnu17;
				GCC_DYNAMIC_NO_PIC = NO;
				GCC_NO_COMMON_BLOCKS = YES;
				GCC_OPTIMIZATION_LEVEL = 0;
				GCC_PREPROCESSOR_DEFINITIONS = (
					"DEBUG=1",
					"$(inherited)",
				);
				GCC_WARN_64_TO_32_BIT_CONVERSION = YES;
				GCC_WARN_ABOUT_RETURN_TYPE = YES_ERROR;
				GCC_WARN_UNDECLARED_SELECTOR = YES;
				GCC_WARN_UNINITIALIZED_AUTOS = YES_AGGRESSIVE;
				GCC_WARN_UNUSED_FUNCTION = YES;
				GCC_WARN_UNUSED_VARIABLE = YES;
				IPHONEOS_DEPLOYMENT_TARGET = 17.2;
				LOCALIZATION_PREFERS_STRING_CATALOGS = YES;
				MTL_ENABLE_DEBUG_INFO = INCLUDE_SOURCE;
				MTL_FAST_MATH = YES;
				ONLY_ACTIVE_ARCH = YES;
				SDKROOT = iphoneos;
				SWIFT_ACTIVE_COMPILATION_CONDITIONS = "DEBUG $(inherited)";
				SWIFT_OPTIMIZATION_LEVEL = "-Onone";
			};
			name = Debug;
		};
		DEB4A3772B93379900945AC1 /* Release */ = {
			isa = XCBuildConfiguration;
			buildSettings = {
				ALWAYS_SEARCH_USER_PATHS = NO;
				ASSETCATALOG_COMPILER_GENERATE_SWIFT_ASSET_SYMBOL_EXTENSIONS = YES;
				CLANG_ANALYZER_NONNULL = YES;
				CLANG_ANALYZER_NUMBER_OBJECT_CONVERSION = YES_AGGRESSIVE;
				CLANG_CXX_LANGUAGE_STANDARD = "gnu++20";
				CLANG_ENABLE_MODULES = YES;
				CLANG_ENABLE_OBJC_ARC = YES;
				CLANG_ENABLE_OBJC_WEAK = YES;
				CLANG_WARN_BLOCK_CAPTURE_AUTORELEASING = YES;
				CLANG_WARN_BOOL_CONVERSION = YES;
				CLANG_WARN_COMMA = YES;
				CLANG_WARN_CONSTANT_CONVERSION = YES;
				CLANG_WARN_DEPRECATED_OBJC_IMPLEMENTATIONS = YES;
				CLANG_WARN_DIRECT_OBJC_ISA_USAGE = YES_ERROR;
				CLANG_WARN_DOCUMENTATION_COMMENTS = YES;
				CLANG_WARN_EMPTY_BODY = YES;
				CLANG_WARN_ENUM_CONVERSION = YES;
				CLANG_WARN_INFINITE_RECURSION = YES;
				CLANG_WARN_INT_CONVERSION = YES;
				CLANG_WARN_NON_LITERAL_NULL_CONVERSION = YES;
				CLANG_WARN_OBJC_IMPLICIT_RETAIN_SELF = YES;
				CLANG_WARN_OBJC_LITERAL_CONVERSION = YES;
				CLANG_WARN_OBJC_ROOT_CLASS = YES_ERROR;
				CLANG_WARN_QUOTED_INCLUDE_IN_FRAMEWORK_HEADER = YES;
				CLANG_WARN_RANGE_LOOP_ANALYSIS = YES;
				CLANG_WARN_STRICT_PROTOTYPES = YES;
				CLANG_WARN_SUSPICIOUS_MOVE = YES;
				CLANG_WARN_UNGUARDED_AVAILABILITY = YES_AGGRESSIVE;
				CLANG_WARN_UNREACHABLE_CODE = YES;
				CLANG_WARN__DUPLICATE_METHOD_MATCH = YES;
				COPY_PHASE_STRIP = NO;
				DEBUG_INFORMATION_FORMAT = "dwarf-with-dsym";
				ENABLE_NS_ASSERTIONS = NO;
				ENABLE_STRICT_OBJC_MSGSEND = YES;
				ENABLE_USER_SCRIPT_SANDBOXING = YES;
				GCC_C_LANGUAGE_STANDARD = gnu17;
				GCC_NO_COMMON_BLOCKS = YES;
				GCC_WARN_64_TO_32_BIT_CONVERSION = YES;
				GCC_WARN_ABOUT_RETURN_TYPE = YES_ERROR;
				GCC_WARN_UNDECLARED_SELECTOR = YES;
				GCC_WARN_UNINITIALIZED_AUTOS = YES_AGGRESSIVE;
				GCC_WARN_UNUSED_FUNCTION = YES;
				GCC_WARN_UNUSED_VARIABLE = YES;
				IPHONEOS_DEPLOYMENT_TARGET = 17.2;
				LOCALIZATION_PREFERS_STRING_CATALOGS = YES;
				MTL_ENABLE_DEBUG_INFO = NO;
				MTL_FAST_MATH = YES;
				SDKROOT = iphoneos;
				SWIFT_COMPILATION_MODE = wholemodule;
				VALIDATE_PRODUCT = YES;
			};
			name = Release;
		};
		DEB4A3792B93379900945AC1 /* Debug */ = {
			isa = XCBuildConfiguration;
			buildSettings = {
				ASSETCATALOG_COMPILER_APPICON_NAME = AppIcon;
				ASSETCATALOG_COMPILER_GLOBAL_ACCENT_COLOR_NAME = AccentColor;
				CODE_SIGN_STYLE = Automatic;
				CURRENT_PROJECT_VERSION = 1;
				GENERATE_INFOPLIST_FILE = YES;
				INFOPLIST_FILE = ArtBookAppSwift2/Info.plist;
				INFOPLIST_KEY_UIApplicationSupportsIndirectInputEvents = YES;
				INFOPLIST_KEY_UILaunchStoryboardName = LaunchScreen;
				INFOPLIST_KEY_UIMainStoryboardFile = Main;
				INFOPLIST_KEY_UISupportedInterfaceOrientations_iPad = "UIInterfaceOrientationPortrait UIInterfaceOrientationPortraitUpsideDown UIInterfaceOrientationLandscapeLeft UIInterfaceOrientationLandscapeRight";
				INFOPLIST_KEY_UISupportedInterfaceOrientations_iPhone = "UIInterfaceOrientationPortrait UIInterfaceOrientationLandscapeLeft UIInterfaceOrientationLandscapeRight";
				LD_RUNPATH_SEARCH_PATHS = (
					"$(inherited)",
					"@executable_path/Frameworks",
				);
				MARKETING_VERSION = 1.0;
				PRODUCT_BUNDLE_IDENTIFIER = com.eneskala.ArtBookAppSwift2;
				PRODUCT_NAME = "$(TARGET_NAME)";
				SWIFT_EMIT_LOC_STRINGS = YES;
				SWIFT_VERSION = 5.0;
				TARGETED_DEVICE_FAMILY = "1,2";
			};
			name = Debug;
		};
		DEB4A37A2B93379900945AC1 /* Release */ = {
			isa = XCBuildConfiguration;
			buildSettings = {
				ASSETCATALOG_COMPILER_APPICON_NAME = AppIcon;
				ASSETCATALOG_COMPILER_GLOBAL_ACCENT_COLOR_NAME = AccentColor;
				CODE_SIGN_STYLE = Automatic;
				CURRENT_PROJECT_VERSION = 1;
				GENERATE_INFOPLIST_FILE = YES;
				INFOPLIST_FILE = ArtBookAppSwift2/Info.plist;
				INFOPLIST_KEY_UIApplicationSupportsIndirectInputEvents = YES;
				INFOPLIST_KEY_UILaunchStoryboardName = LaunchScreen;
				INFOPLIST_KEY_UIMainStoryboardFile = Main;
				INFOPLIST_KEY_UISupportedInterfaceOrientations_iPad = "UIInterfaceOrientationPortrait UIInterfaceOrientationPortraitUpsideDown UIInterfaceOrientationLandscapeLeft UIInterfaceOrientationLandscapeRight";
				INFOPLIST_KEY_UISupportedInterfaceOrientations_iPhone = "UIInterfaceOrientationPortrait UIInterfaceOrientationLandscapeLeft UIInterfaceOrientationLandscapeRight";
				LD_RUNPATH_SEARCH_PATHS = (
					"$(inherited)",
					"@executable_path/Frameworks",
				);
				MARKETING_VERSION = 1.0;
				PRODUCT_BUNDLE_IDENTIFIER = com.eneskala.ArtBookAppSwift2;
				PRODUCT_NAME = "$(TARGET_NAME)";
				SWIFT_EMIT_LOC_STRINGS = YES;
				SWIFT_VERSION = 5.0;
				TARGETED_DEVICE_FAMILY = "1,2";
			};
			name = Release;
		};
		DEB4A37C2B93379900945AC1 /* Debug */ = {
			isa = XCBuildConfiguration;
			buildSettings = {
				ALWAYS_EMBED_SWIFT_STANDARD_LIBRARIES = YES;
				BUNDLE_LOADER = "$(TEST_HOST)";
				CODE_SIGN_STYLE = Automatic;
				CURRENT_PROJECT_VERSION = 1;
				GENERATE_INFOPLIST_FILE = YES;
				IPHONEOS_DEPLOYMENT_TARGET = 17.2;
				MARKETING_VERSION = 1.0;
				PRODUCT_BUNDLE_IDENTIFIER = com.eneskala.ArtBookAppSwift2Tests;
				PRODUCT_NAME = "$(TARGET_NAME)";
				SWIFT_EMIT_LOC_STRINGS = NO;
				SWIFT_VERSION = 5.0;
				TARGETED_DEVICE_FAMILY = "1,2";
				TEST_HOST = "$(BUILT_PRODUCTS_DIR)/ArtBookAppSwift2.app/$(BUNDLE_EXECUTABLE_FOLDER_PATH)/ArtBookAppSwift2";
			};
			name = Debug;
		};
		DEB4A37D2B93379900945AC1 /* Release */ = {
			isa = XCBuildConfiguration;
			buildSettings = {
				ALWAYS_EMBED_SWIFT_STANDARD_LIBRARIES = YES;
				BUNDLE_LOADER = "$(TEST_HOST)";
				CODE_SIGN_STYLE = Automatic;
				CURRENT_PROJECT_VERSION = 1;
				GENERATE_INFOPLIST_FILE = YES;
				IPHONEOS_DEPLOYMENT_TARGET = 17.2;
				MARKETING_VERSION = 1.0;
				PRODUCT_BUNDLE_IDENTIFIER = com.eneskala.ArtBookAppSwift2Tests;
				PRODUCT_NAME = "$(TARGET_NAME)";
				SWIFT_EMIT_LOC_STRINGS = NO;
				SWIFT_VERSION = 5.0;
				TARGETED_DEVICE_FAMILY = "1,2";
				TEST_HOST = "$(BUILT_PRODUCTS_DIR)/ArtBookAppSwift2.app/$(BUNDLE_EXECUTABLE_FOLDER_PATH)/ArtBookAppSwift2";
			};
			name = Release;
		};
		DEB4A37F2B93379900945AC1 /* Debug */ = {
			isa = XCBuildConfiguration;
			buildSettings = {
				ALWAYS_EMBED_SWIFT_STANDARD_LIBRARIES = YES;
				CODE_SIGN_STYLE = Automatic;
				CURRENT_PROJECT_VERSION = 1;
				GENERATE_INFOPLIST_FILE = YES;
				MARKETING_VERSION = 1.0;
				PRODUCT_BUNDLE_IDENTIFIER = com.eneskala.ArtBookAppSwift2UITests;
				PRODUCT_NAME = "$(TARGET_NAME)";
				SWIFT_EMIT_LOC_STRINGS = NO;
				SWIFT_VERSION = 5.0;
				TARGETED_DEVICE_FAMILY = "1,2";
				TEST_TARGET_NAME = ArtBookAppSwift2;
			};
			name = Debug;
		};
		DEB4A3802B93379900945AC1 /* Release */ = {
			isa = XCBuildConfiguration;
			buildSettings = {
				ALWAYS_EMBED_SWIFT_STANDARD_LIBRARIES = YES;
				CODE_SIGN_STYLE = Automatic;
				CURRENT_PROJECT_VERSION = 1;
				GENERATE_INFOPLIST_FILE = YES;
				MARKETING_VERSION = 1.0;
				PRODUCT_BUNDLE_IDENTIFIER = com.eneskala.ArtBookAppSwift2UITests;
				PRODUCT_NAME = "$(TARGET_NAME)";
				SWIFT_EMIT_LOC_STRINGS = NO;
				SWIFT_VERSION = 5.0;
				TARGETED_DEVICE_FAMILY = "1,2";
				TEST_TARGET_NAME = ArtBookAppSwift2;
			};
			name = Release;
		};
/* End XCBuildConfiguration section */

/* Begin XCConfigurationList section */
		DEB4A3462B93379800945AC1 /* Build configuration list for PBXProject "ArtBookAppSwift2" */ = {
			isa = XCConfigurationList;
			buildConfigurations = (
				DEB4A3762B93379900945AC1 /* Debug */,
				DEB4A3772B93379900945AC1 /* Release */,
			);
			defaultConfigurationIsVisible = 0;
			defaultConfigurationName = Release;
		};
		DEB4A3782B93379900945AC1 /* Build configuration list for PBXNativeTarget "ArtBookAppSwift2" */ = {
			isa = XCConfigurationList;
			buildConfigurations = (
				DEB4A3792B93379900945AC1 /* Debug */,
				DEB4A37A2B93379900945AC1 /* Release */,
			);
			defaultConfigurationIsVisible = 0;
			defaultConfigurationName = Release;
		};
		DEB4A37B2B93379900945AC1 /* Build configuration list for PBXNativeTarget "ArtBookAppSwift2Tests" */ = {
			isa = XCConfigurationList;
			buildConfigurations = (
				DEB4A37C2B93379900945AC1 /* Debug */,
				DEB4A37D2B93379900945AC1 /* Release */,
			);
			defaultConfigurationIsVisible = 0;
			defaultConfigurationName = Release;
		};
		DEB4A37E2B93379900945AC1 /* Build configuration list for PBXNativeTarget "ArtBookAppSwift2UITests" */ = {
			isa = XCConfigurationList;
			buildConfigurations = (
				DEB4A37F2B93379900945AC1 /* Debug */,
				DEB4A3802B93379900945AC1 /* Release */,
			);
			defaultConfigurationIsVisible = 0;
			defaultConfigurationName = Release;
		};
/* End XCConfigurationList section */

/* Begin XCVersionGroup section */
		DEB4A3572B93379800945AC1 /* ArtBookAppSwift2.xcdatamodeld */ = {
			isa = XCVersionGroup;
			children = (
				DEB4A3582B93379800945AC1 /* ArtBookAppSwift2.xcdatamodel */,
			);
			currentVersion = DEB4A3582B93379800945AC1 /* ArtBookAppSwift2.xcdatamodel */;
			path = ArtBookAppSwift2.xcdatamodeld;
			sourceTree = "<group>";
			versionGroupType = wrapper.xcdatamodel;
		};
/* End XCVersionGroup section */
	};
	rootObject = DEB4A3432B93379800945AC1 /* Project object */;
}
